
Microsoft Visual Studio Solution File, Format Version 12.00
Project("{2150E333-8FDC-42A3-9474-1A3956D46DE8}") = "src", "src", "{730A1060-F51B-470C-83FE-19FA97297735}"
EndProject
Project("{2150E333-8FDC-42A3-9474-1A3956D46DE8}") = "common", "common", "{0B427C64-E1E6-4448-BC48-63F7A0F94A73}"
ProjectSection(SolutionItems) = preProject
	README.md = README.md
	.gitignore = .gitignore
	Dockerfile = Dockerfile
	entrypoint.sh = entrypoint.sh
EndProjectSection
EndProject
Project("{2150E333-8FDC-42A3-9474-1A3956D46DE8}") = "tests", "tests", "{DD2C054A-0B7F-45B9-AEF1-7275002B76AC}"
EndProject
Project("{FAE04EC0-301F-11D3-BF4B-00C04F79EFBC}") = "merchandise-service", "src\merchandise-service\merchandise-service.csproj", "{786605A9-8D0E-41C5-A879-F162D909612D}"
EndProject
Project("{2150E333-8FDC-42A3-9474-1A3956D46DE8}") = "deploy", "deploy", "{5D914001-A1E0-4C9A-8D11-5FC46215B19D}"
ProjectSection(SolutionItems) = preProject
	deploy\docker-compose.yml = deploy\docker-compose.yml
EndProjectSection
EndProject
Project("{FAE04EC0-301F-11D3-BF4B-00C04F79EFBC}") = "Infrastructure.Common", "src\Infrastructure.Common\Infrastructure.Common.csproj", "{D169253E-5D25-4FC5-A0B8-0280D96F66B6}"
EndProject
Project("{FAE04EC0-301F-11D3-BF4B-00C04F79EFBC}") = "MerchandaiseHttpClient", "src\MerchandaiseHttpClient\MerchandaiseHttpClient.csproj", "{927191D5-E564-400C-96AA-4521C0C24CDE}"
EndProject
Project("{FAE04EC0-301F-11D3-BF4B-00C04F79EFBC}") = "MerchandaiseGrpc", "src\MerchandaiseGrpc\MerchandaiseGrpc.csproj", "{86FA3BD2-980D-4AF6-BF97-0B10F55A6DC1}"
EndProject
Project("{FAE04EC0-301F-11D3-BF4B-00C04F79EFBC}") = "MerchandaiseDomain", "src\MerchandaiseDomain\MerchandaiseDomain.csproj", "{AD91CEBC-8CF8-48D5-97FE-5C9408F33B42}"
EndProject
Project("{FAE04EC0-301F-11D3-BF4B-00C04F79EFBC}") = "MerchandaiseInfrastructure", "src\MerchandaiseInfrastructure\MerchandaiseInfrastructure.csproj", "{E6CC36A1-FC6B-4CD6-8DA8-B52D65BFE2C4}"
EndProject
Project("{FAE04EC0-301F-11D3-BF4B-00C04F79EFBC}") = "MerchandaiseGrpcClient", "src\MerchandaiseGrpcClient\MerchandaiseGrpcClient.csproj", "{B6DFD243-C107-4F16-B301-BEE2186D72DC}"
EndProject
Project("{FAE04EC0-301F-11D3-BF4B-00C04F79EFBC}") = "MerchandaiseTests", "MerchandaiseTests\MerchandaiseTests.csproj", "{4A1226BD-7070-43A0-A33B-B7F0D9FA31E7}"
EndProject
Project("{FAE04EC0-301F-11D3-BF4B-00C04F79EFBC}") = "MerchandaiseDomainServices", "src\MerchandaiseDomainServices\MerchandaiseDomainServices.csproj", "{3FC81163-55E3-404F-B840-9A586C7A9C0C}"
EndProject
Project("{FAE04EC0-301F-11D3-BF4B-00C04F79EFBC}") = "MerchandaiseMigrator", "src\MerchandaiseMigrator\MerchandaiseMigrator.csproj", "{012E3398-69F1-4427-9C1A-B0C379CDB3A0}"
EndProject
Global
	GlobalSection(SolutionConfigurationPlatforms) = preSolution
		Debug|Any CPU = Debug|Any CPU
		Release|Any CPU = Release|Any CPU
	EndGlobalSection
	GlobalSection(NestedProjects) = preSolution
		{786605A9-8D0E-41C5-A879-F162D909612D} = {730A1060-F51B-470C-83FE-19FA97297735}
		{D169253E-5D25-4FC5-A0B8-0280D96F66B6} = {730A1060-F51B-470C-83FE-19FA97297735}
		{927191D5-E564-400C-96AA-4521C0C24CDE} = {730A1060-F51B-470C-83FE-19FA97297735}
		{86FA3BD2-980D-4AF6-BF97-0B10F55A6DC1} = {730A1060-F51B-470C-83FE-19FA97297735}
		{AD91CEBC-8CF8-48D5-97FE-5C9408F33B42} = {730A1060-F51B-470C-83FE-19FA97297735}
		{E6CC36A1-FC6B-4CD6-8DA8-B52D65BFE2C4} = {730A1060-F51B-470C-83FE-19FA97297735}
		{B6DFD243-C107-4F16-B301-BEE2186D72DC} = {730A1060-F51B-470C-83FE-19FA97297735}
		{4A1226BD-7070-43A0-A33B-B7F0D9FA31E7} = {DD2C054A-0B7F-45B9-AEF1-7275002B76AC}
		{3FC81163-55E3-404F-B840-9A586C7A9C0C} = {730A1060-F51B-470C-83FE-19FA97297735}
		{012E3398-69F1-4427-9C1A-B0C379CDB3A0} = {730A1060-F51B-470C-83FE-19FA97297735}
	EndGlobalSection
	GlobalSection(ProjectConfigurationPlatforms) = postSolution
		{786605A9-8D0E-41C5-A879-F162D909612D}.Debug|Any CPU.ActiveCfg = Debug|Any CPU
		{786605A9-8D0E-41C5-A879-F162D909612D}.Debug|Any CPU.Build.0 = Debug|Any CPU
		{786605A9-8D0E-41C5-A879-F162D909612D}.Release|Any CPU.ActiveCfg = Release|Any CPU
		{786605A9-8D0E-41C5-A879-F162D909612D}.Release|Any CPU.Build.0 = Release|Any CPU
		{D169253E-5D25-4FC5-A0B8-0280D96F66B6}.Debug|Any CPU.ActiveCfg = Debug|Any CPU
		{D169253E-5D25-4FC5-A0B8-0280D96F66B6}.Debug|Any CPU.Build.0 = Debug|Any CPU
		{D169253E-5D25-4FC5-A0B8-0280D96F66B6}.Release|Any CPU.ActiveCfg = Release|Any CPU
		{D169253E-5D25-4FC5-A0B8-0280D96F66B6}.Release|Any CPU.Build.0 = Release|Any CPU
		{927191D5-E564-400C-96AA-4521C0C24CDE}.Debug|Any CPU.ActiveCfg = Debug|Any CPU
		{927191D5-E564-400C-96AA-4521C0C24CDE}.Debug|Any CPU.Build.0 = Debug|Any CPU
		{927191D5-E564-400C-96AA-4521C0C24CDE}.Release|Any CPU.ActiveCfg = Release|Any CPU
		{927191D5-E564-400C-96AA-4521C0C24CDE}.Release|Any CPU.Build.0 = Release|Any CPU
		{86FA3BD2-980D-4AF6-BF97-0B10F55A6DC1}.Debug|Any CPU.ActiveCfg = Debug|Any CPU
		{86FA3BD2-980D-4AF6-BF97-0B10F55A6DC1}.Debug|Any CPU.Build.0 = Debug|Any CPU
		{86FA3BD2-980D-4AF6-BF97-0B10F55A6DC1}.Release|Any CPU.ActiveCfg = Release|Any CPU
		{86FA3BD2-980D-4AF6-BF97-0B10F55A6DC1}.Release|Any CPU.Build.0 = Release|Any CPU
		{AD91CEBC-8CF8-48D5-97FE-5C9408F33B42}.Debug|Any CPU.ActiveCfg = Debug|Any CPU
		{AD91CEBC-8CF8-48D5-97FE-5C9408F33B42}.Debug|Any CPU.Build.0 = Debug|Any CPU
		{AD91CEBC-8CF8-48D5-97FE-5C9408F33B42}.Release|Any CPU.ActiveCfg = Release|Any CPU
		{AD91CEBC-8CF8-48D5-97FE-5C9408F33B42}.Release|Any CPU.Build.0 = Release|Any CPU
		{E6CC36A1-FC6B-4CD6-8DA8-B52D65BFE2C4}.Debug|Any CPU.ActiveCfg = Debug|Any CPU
		{E6CC36A1-FC6B-4CD6-8DA8-B52D65BFE2C4}.Debug|Any CPU.Build.0 = Debug|Any CPU
		{E6CC36A1-FC6B-4CD6-8DA8-B52D65BFE2C4}.Release|Any CPU.ActiveCfg = Release|Any CPU
		{E6CC36A1-FC6B-4CD6-8DA8-B52D65BFE2C4}.Release|Any CPU.Build.0 = Release|Any CPU
		{B6DFD243-C107-4F16-B301-BEE2186D72DC}.Debug|Any CPU.ActiveCfg = Debug|Any CPU
		{B6DFD243-C107-4F16-B301-BEE2186D72DC}.Debug|Any CPU.Build.0 = Debug|Any CPU
		{B6DFD243-C107-4F16-B301-BEE2186D72DC}.Release|Any CPU.ActiveCfg = Release|Any CPU
		{B6DFD243-C107-4F16-B301-BEE2186D72DC}.Release|Any CPU.Build.0 = Release|Any CPU
		{4A1226BD-7070-43A0-A33B-B7F0D9FA31E7}.Debug|Any CPU.ActiveCfg = Debug|Any CPU
		{4A1226BD-7070-43A0-A33B-B7F0D9FA31E7}.Debug|Any CPU.Build.0 = Debug|Any CPU
		{4A1226BD-7070-43A0-A33B-B7F0D9FA31E7}.Release|Any CPU.ActiveCfg = Release|Any CPU
		{4A1226BD-7070-43A0-A33B-B7F0D9FA31E7}.Release|Any CPU.Build.0 = Release|Any CPU
		{3FC81163-55E3-404F-B840-9A586C7A9C0C}.Debug|Any CPU.ActiveCfg = Debug|Any CPU
		{3FC81163-55E3-404F-B840-9A586C7A9C0C}.Debug|Any CPU.Build.0 = Debug|Any CPU
		{3FC81163-55E3-404F-B840-9A586C7A9C0C}.Release|Any CPU.ActiveCfg = Release|Any CPU
		{3FC81163-55E3-404F-B840-9A586C7A9C0C}.Release|Any CPU.Build.0 = Release|Any CPU
		{012E3398-69F1-4427-9C1A-B0C379CDB3A0}.Debug|Any CPU.ActiveCfg = Debug|Any CPU
		{012E3398-69F1-4427-9C1A-B0C379CDB3A0}.Debug|Any CPU.Build.0 = Debug|Any CPU
		{012E3398-69F1-4427-9C1A-B0C379CDB3A0}.Release|Any CPU.ActiveCfg = Release|Any CPU
		{012E3398-69F1-4427-9C1A-B0C379CDB3A0}.Release|Any CPU.Build.0 = Release|Any CPU
	EndGlobalSection
EndGlobal
